schema: '2.0'
stages:
  process:
    cmd: python3 src/imageProcess.py
    deps:
    - path: dataset/unprocessed/downloaded/archive
      hash: md5
      md5: 5d37f8cbf22a940334ad87636bbfcc69.dir
      size: 40702
      nfiles: 59
    - path: src/imageProcess.py
      hash: md5
      md5: c9af7ab85695d2abd5b5d92ef1aa865f
      size: 4903
    outs:
    - path: dataset/processed/a
      hash: md5
      md5: 43ad58a27dcdfbf267ca071101bbfc2d.dir
      size: 15616
      nfiles: 20
    - path: dataset/processed/e
      hash: md5
      md5: 0fbcb4660537db6d06923790e84d404f.dir
      size: 7631
      nfiles: 10
    - path: dataset/processed/i
      hash: md5
      md5: 5ec488647b43f963f329df4e0b66f0e2.dir
      size: 11240
      nfiles: 18
    - path: dataset/processed/ka
      hash: md5
      md5: d751713988987e9331980363e24189ce.dir
      size: 0
      nfiles: 0
    - path: dataset/processed/ke
      hash: md5
      md5: d751713988987e9331980363e24189ce.dir
      size: 0
      nfiles: 0
    - path: dataset/processed/ki
      hash: md5
      md5: d751713988987e9331980363e24189ce.dir
      size: 0
      nfiles: 0
    - path: dataset/processed/ko
      hash: md5
      md5: d751713988987e9331980363e24189ce.dir
      size: 0
      nfiles: 0
    - path: dataset/processed/ku
      hash: md5
      md5: d751713988987e9331980363e24189ce.dir
      size: 0
      nfiles: 0
    - path: dataset/processed/o
      hash: md5
      md5: d751713988987e9331980363e24189ce.dir
      size: 0
      nfiles: 0
    - path: dataset/processed/u
      hash: md5
      md5: 0c3bf74c9a2e598751c7394252087b6f.dir
      size: 6460
      nfiles: 10
  update-dataset:
    cmd: python3 updateDataset.py
    outs:
    - path: dataset.h5
      hash: md5
      md5: 6655a3bfa3332f532b7a94609cb9327a
      size: 31157
  prepare:
    cmd: python3 src/prepare.py
    deps:
    - path: dataset.h5
      hash: md5
      md5: 62df08234c91cb791b34e3a5b4da99f3
      size: 271237
    - path: dataset/processed/a
      hash: md5
      md5: d751713988987e9331980363e24189ce.dir
      size: 0
      nfiles: 0
    - path: dataset/processed/e
      hash: md5
      md5: d751713988987e9331980363e24189ce.dir
      size: 0
      nfiles: 0
    - path: dataset/processed/i
      hash: md5
      md5: d751713988987e9331980363e24189ce.dir
      size: 0
      nfiles: 0
    - path: dataset/processed/ka
      hash: md5
      md5: d751713988987e9331980363e24189ce.dir
      size: 0
      nfiles: 0
    - path: dataset/processed/ke
      hash: md5
      md5: d751713988987e9331980363e24189ce.dir
      size: 0
      nfiles: 0
    - path: dataset/processed/ki
      hash: md5
      md5: d751713988987e9331980363e24189ce.dir
      size: 0
      nfiles: 0
    - path: dataset/processed/ko
      hash: md5
      md5: d751713988987e9331980363e24189ce.dir
      size: 0
      nfiles: 0
    - path: dataset/processed/ku
      hash: md5
      md5: d751713988987e9331980363e24189ce.dir
      size: 0
      nfiles: 0
    - path: dataset/processed/o
      hash: md5
      md5: d751713988987e9331980363e24189ce.dir
      size: 0
      nfiles: 0
    - path: dataset/processed/u
      hash: md5
      md5: d751713988987e9331980363e24189ce.dir
      size: 0
      nfiles: 0
  train:
    cmd: python3 src/train.py
    deps:
    - path: dataset.h5
      hash: md5
      md5: 62df08234c91cb791b34e3a5b4da99f3
      size: 271237
    - path: src/train.py
      hash: md5
      md5: 9d7b909bbb67924ab80785f35cfdfe52
      size: 4799
    outs:
    - path: model.h5
      hash: md5
      md5: c6d0e951e8c3d84818d7b249b6edf119
      size: 19552832
  evaluate:
    cmd: python3 src/evaluate.py
    deps:
    - path: dataset.h5
      hash: md5
      md5: 62df08234c91cb791b34e3a5b4da99f3
      size: 271237
    - path: model.h5
      hash: md5
      md5: c6d0e951e8c3d84818d7b249b6edf119
      size: 19552832
    - path: src/evaluate.py
      hash: md5
      md5: 7cefbc5a0cfa381b0e00fd3856d31e84
      size: 4876
